
Microsoft Visual Studio Solution File, Format Version 12.00
# Visual Studio 15
VisualStudioVersion = 15.0.27130.2010
MinimumVisualStudioVersion = 10.0.40219.1
Project("{FAE04EC0-301F-11D3-BF4B-00C04F79EFBC}") = "censo.Android", "censo\censo.Android\censo.Android.csproj", "{5428EC28-CDDF-4C21-9379-85B375C3D482}"
EndProject
Project("{FAE04EC0-301F-11D3-BF4B-00C04F79EFBC}") = "censo.iOS", "censo\censo.iOS\censo.iOS.csproj", "{40ED02DC-8DB4-4626-9AD7-E055AB6D91A8}"
EndProject
Project("{FAE04EC0-301F-11D3-BF4B-00C04F79EFBC}") = "censo.UWP", "censo\censo.UWP\censo.UWP.csproj", "{C4913F75-1D2C-4F82-BD51-9ABB15094B49}"
EndProject
Project("{FAE04EC0-301F-11D3-BF4B-00C04F79EFBC}") = "censo", "censo\censo\censo.csproj", "{A326F968-44E2-45E4-8590-B7BD07BCBC13}"
EndProject
Global
	GlobalSection(SolutionConfigurationPlatforms) = preSolution
		Ad-Hoc|Any CPU = Ad-Hoc|Any CPU
		Ad-Hoc|ARM = Ad-Hoc|ARM
		Ad-Hoc|iPhone = Ad-Hoc|iPhone
		Ad-Hoc|iPhoneSimulator = Ad-Hoc|iPhoneSimulator
		Ad-Hoc|x64 = Ad-Hoc|x64
		Ad-Hoc|x86 = Ad-Hoc|x86
		AppStore|Any CPU = AppStore|Any CPU
		AppStore|ARM = AppStore|ARM
		AppStore|iPhone = AppStore|iPhone
		AppStore|iPhoneSimulator = AppStore|iPhoneSimulator
		AppStore|x64 = AppStore|x64
		AppStore|x86 = AppStore|x86
		Debug|Any CPU = Debug|Any CPU
		Debug|ARM = Debug|ARM
		Debug|iPhone = Debug|iPhone
		Debug|iPhoneSimulator = Debug|iPhoneSimulator
		Debug|x64 = Debug|x64
		Debug|x86 = Debug|x86
		Release|Any CPU = Release|Any CPU
		Release|ARM = Release|ARM
		Release|iPhone = Release|iPhone
		Release|iPhoneSimulator = Release|iPhoneSimulator
		Release|x64 = Release|x64
		Release|x86 = Release|x86
	EndGlobalSection
	GlobalSection(ProjectConfigurationPlatforms) = postSolution
		{5428EC28-CDDF-4C21-9379-85B375C3D482}.Ad-Hoc|Any CPU.ActiveCfg = Release|Any CPU
		{5428EC28-CDDF-4C21-9379-85B375C3D482}.Ad-Hoc|Any CPU.Build.0 = Release|Any CPU
		{5428EC28-CDDF-4C21-9379-85B375C3D482}.Ad-Hoc|Any CPU.Deploy.0 = Release|Any CPU
		{5428EC28-CDDF-4C21-9379-85B375C3D482}.Ad-Hoc|ARM.ActiveCfg = Release|Any CPU
		{5428EC28-CDDF-4C21-9379-85B375C3D482}.Ad-Hoc|ARM.Build.0 = Release|Any CPU
		{5428EC28-CDDF-4C21-9379-85B375C3D482}.Ad-Hoc|ARM.Deploy.0 = Release|Any CPU
		{5428EC28-CDDF-4C21-9379-85B375C3D482}.Ad-Hoc|iPhone.ActiveCfg = Release|Any CPU
		{5428EC28-CDDF-4C21-9379-85B375C3D482}.Ad-Hoc|iPhone.Build.0 = Release|Any CPU
		{5428EC28-CDDF-4C21-9379-85B375C3D482}.Ad-Hoc|iPhone.Deploy.0 = Release|Any CPU
		{5428EC28-CDDF-4C21-9379-85B375C3D482}.Ad-Hoc|iPhoneSimulator.ActiveCfg = Release|Any CPU
		{5428EC28-CDDF-4C21-9379-85B375C3D482}.Ad-Hoc|iPhoneSimulator.Build.0 = Release|Any CPU
		{5428EC28-CDDF-4C21-9379-85B375C3D482}.Ad-Hoc|iPhoneSimulator.Deploy.0 = Release|Any CPU
		{5428EC28-CDDF-4C21-9379-85B375C3D482}.Ad-Hoc|x64.ActiveCfg = Release|Any CPU
		{5428EC28-CDDF-4C21-9379-85B375C3D482}.Ad-Hoc|x64.Build.0 = Release|Any CPU
		{5428EC28-CDDF-4C21-9379-85B375C3D482}.Ad-Hoc|x64.Deploy.0 = Release|Any CPU
		{5428EC28-CDDF-4C21-9379-85B375C3D482}.Ad-Hoc|x86.ActiveCfg = Release|Any CPU
		{5428EC28-CDDF-4C21-9379-85B375C3D482}.Ad-Hoc|x86.Build.0 = Release|Any CPU
		{5428EC28-CDDF-4C21-9379-85B375C3D482}.Ad-Hoc|x86.Deploy.0 = Release|Any CPU
		{5428EC28-CDDF-4C21-9379-85B375C3D482}.AppStore|Any CPU.ActiveCfg = Release|Any CPU
		{5428EC28-CDDF-4C21-9379-85B375C3D482}.AppStore|Any CPU.Build.0 = Release|Any CPU
		{5428EC28-CDDF-4C21-9379-85B375C3D482}.AppStore|Any CPU.Deploy.0 = Release|Any CPU
		{5428EC28-CDDF-4C21-9379-85B375C3D482}.AppStore|ARM.ActiveCfg = Release|Any CPU
		{5428EC28-CDDF-4C21-9379-85B375C3D482}.AppStore|ARM.Build.0 = Release|Any CPU
		{5428EC28-CDDF-4C21-9379-85B375C3D482}.AppStore|ARM.Deploy.0 = Release|Any CPU
		{5428EC28-CDDF-4C21-9379-85B375C3D482}.AppStore|iPhone.ActiveCfg = Release|Any CPU
		{5428EC28-CDDF-4C21-9379-85B375C3D482}.AppStore|iPhone.Build.0 = Release|Any CPU
		{5428EC28-CDDF-4C21-9379-85B375C3D482}.AppStore|iPhone.Deploy.0 = Release|Any CPU
		{5428EC28-CDDF-4C21-9379-85B375C3D482}.AppStore|iPhoneSimulator.ActiveCfg = Release|Any CPU
		{5428EC28-CDDF-4C21-9379-85B375C3D482}.AppStore|iPhoneSimulator.Build.0 = Release|Any CPU
		{5428EC28-CDDF-4C21-9379-85B375C3D482}.AppStore|iPhoneSimulator.Deploy.0 = Release|Any CPU
		{5428EC28-CDDF-4C21-9379-85B375C3D482}.AppStore|x64.ActiveCfg = Release|Any CPU
		{5428EC28-CDDF-4C21-9379-85B375C3D482}.AppStore|x64.Build.0 = Release|Any CPU
		{5428EC28-CDDF-4C21-9379-85B375C3D482}.AppStore|x64.Deploy.0 = Release|Any CPU
		{5428EC28-CDDF-4C21-9379-85B375C3D482}.AppStore|x86.ActiveCfg = Release|Any CPU
		{5428EC28-CDDF-4C21-9379-85B375C3D482}.AppStore|x86.Build.0 = Release|Any CPU
		{5428EC28-CDDF-4C21-9379-85B375C3D482}.AppStore|x86.Deploy.0 = Release|Any CPU
		{5428EC28-CDDF-4C21-9379-85B375C3D482}.Debug|Any CPU.ActiveCfg = Debug|Any CPU
		{5428EC28-CDDF-4C21-9379-85B375C3D482}.Debug|Any CPU.Build.0 = Debug|Any CPU
		{5428EC28-CDDF-4C21-9379-85B375C3D482}.Debug|Any CPU.Deploy.0 = Debug|Any CPU
		{5428EC28-CDDF-4C21-9379-85B375C3D482}.Debug|ARM.ActiveCfg = Debug|Any CPU
		{5428EC28-CDDF-4C21-9379-85B375C3D482}.Debug|ARM.Build.0 = Debug|Any CPU
		{5428EC28-CDDF-4C21-9379-85B375C3D482}.Debug|ARM.Deploy.0 = Debug|Any CPU
		{5428EC28-CDDF-4C21-9379-85B375C3D482}.Debug|iPhone.ActiveCfg = Debug|Any CPU
		{5428EC28-CDDF-4C21-9379-85B375C3D482}.Debug|iPhone.Build.0 = Debug|Any CPU
		{5428EC28-CDDF-4C21-9379-85B375C3D482}.Debug|iPhone.Deploy.0 = Debug|Any CPU
		{5428EC28-CDDF-4C21-9379-85B375C3D482}.Debug|iPhoneSimulator.ActiveCfg = Debug|Any CPU
		{5428EC28-CDDF-4C21-9379-85B375C3D482}.Debug|iPhoneSimulator.Build.0 = Debug|Any CPU
		{5428EC28-CDDF-4C21-9379-85B375C3D482}.Debug|iPhoneSimulator.Deploy.0 = Debug|Any CPU
		{5428EC28-CDDF-4C21-9379-85B375C3D482}.Debug|x64.ActiveCfg = Debug|Any CPU
		{5428EC28-CDDF-4C21-9379-85B375C3D482}.Debug|x64.Build.0 = Debug|Any CPU
		{5428EC28-CDDF-4C21-9379-85B375C3D482}.Debug|x64.Deploy.0 = Debug|Any CPU
		{5428EC28-CDDF-4C21-9379-85B375C3D482}.Debug|x86.ActiveCfg = Debug|Any CPU
		{5428EC28-CDDF-4C21-9379-85B375C3D482}.Debug|x86.Build.0 = Debug|Any CPU
		{5428EC28-CDDF-4C21-9379-85B375C3D482}.Debug|x86.Deploy.0 = Debug|Any CPU
		{5428EC28-CDDF-4C21-9379-85B375C3D482}.Release|Any CPU.ActiveCfg = Release|Any CPU
		{5428EC28-CDDF-4C21-9379-85B375C3D482}.Release|Any CPU.Build.0 = Release|Any CPU
		{5428EC28-CDDF-4C21-9379-85B375C3D482}.Release|Any CPU.Deploy.0 = Release|Any CPU
		{5428EC28-CDDF-4C21-9379-85B375C3D482}.Release|ARM.ActiveCfg = Release|Any CPU
		{5428EC28-CDDF-4C21-9379-85B375C3D482}.Release|ARM.Build.0 = Release|Any CPU
		{5428EC28-CDDF-4C21-9379-85B375C3D482}.Release|ARM.Deploy.0 = Release|Any CPU
		{5428EC28-CDDF-4C21-9379-85B375C3D482}.Release|iPhone.ActiveCfg = Release|Any CPU
		{5428EC28-CDDF-4C21-9379-85B375C3D482}.Release|iPhone.Build.0 = Release|Any CPU
		{5428EC28-CDDF-4C21-9379-85B375C3D482}.Release|iPhone.Deploy.0 = Release|Any CPU
		{5428EC28-CDDF-4C21-9379-85B375C3D482}.Release|iPhoneSimulator.ActiveCfg = Release|Any CPU
		{5428EC28-CDDF-4C21-9379-85B375C3D482}.Release|iPhoneSimulator.Build.0 = Release|Any CPU
		{5428EC28-CDDF-4C21-9379-85B375C3D482}.Release|iPhoneSimulator.Deploy.0 = Release|Any CPU
		{5428EC28-CDDF-4C21-9379-85B375C3D482}.Release|x64.ActiveCfg = Release|Any CPU
		{5428EC28-CDDF-4C21-9379-85B375C3D482}.Release|x64.Build.0 = Release|Any CPU
		{5428EC28-CDDF-4C21-9379-85B375C3D482}.Release|x64.Deploy.0 = Release|Any CPU
		{5428EC28-CDDF-4C21-9379-85B375C3D482}.Release|x86.ActiveCfg = Release|Any CPU
		{5428EC28-CDDF-4C21-9379-85B375C3D482}.Release|x86.Build.0 = Release|Any CPU
		{5428EC28-CDDF-4C21-9379-85B375C3D482}.Release|x86.Deploy.0 = Release|Any CPU
		{40ED02DC-8DB4-4626-9AD7-E055AB6D91A8}.Ad-Hoc|Any CPU.ActiveCfg = Ad-Hoc|iPhone
		{40ED02DC-8DB4-4626-9AD7-E055AB6D91A8}.Ad-Hoc|ARM.ActiveCfg = Ad-Hoc|iPhone
		{40ED02DC-8DB4-4626-9AD7-E055AB6D91A8}.Ad-Hoc|iPhone.ActiveCfg = Ad-Hoc|iPhone
		{40ED02DC-8DB4-4626-9AD7-E055AB6D91A8}.Ad-Hoc|iPhone.Build.0 = Ad-Hoc|iPhone
		{40ED02DC-8DB4-4626-9AD7-E055AB6D91A8}.Ad-Hoc|iPhoneSimulator.ActiveCfg = Ad-Hoc|iPhoneSimulator
		{40ED02DC-8DB4-4626-9AD7-E055AB6D91A8}.Ad-Hoc|iPhoneSimulator.Build.0 = Ad-Hoc|iPhoneSimulator
		{40ED02DC-8DB4-4626-9AD7-E055AB6D91A8}.Ad-Hoc|x64.ActiveCfg = Ad-Hoc|iPhone
		{40ED02DC-8DB4-4626-9AD7-E055AB6D91A8}.Ad-Hoc|x86.ActiveCfg = Ad-Hoc|iPhone
		{40ED02DC-8DB4-4626-9AD7-E055AB6D91A8}.AppStore|Any CPU.ActiveCfg = AppStore|iPhone
		{40ED02DC-8DB4-4626-9AD7-E055AB6D91A8}.AppStore|ARM.ActiveCfg = AppStore|iPhone
		{40ED02DC-8DB4-4626-9AD7-E055AB6D91A8}.AppStore|iPhone.ActiveCfg = AppStore|iPhone
		{40ED02DC-8DB4-4626-9AD7-E055AB6D91A8}.AppStore|iPhone.Build.0 = AppStore|iPhone
		{40ED02DC-8DB4-4626-9AD7-E055AB6D91A8}.AppStore|iPhoneSimulator.ActiveCfg = AppStore|iPhoneSimulator
		{40ED02DC-8DB4-4626-9AD7-E055AB6D91A8}.AppStore|iPhoneSimulator.Build.0 = AppStore|iPhoneSimulator
		{40ED02DC-8DB4-4626-9AD7-E055AB6D91A8}.AppStore|x64.ActiveCfg = AppStore|iPhone
		{40ED02DC-8DB4-4626-9AD7-E055AB6D91A8}.AppStore|x86.ActiveCfg = AppStore|iPhone
		{40ED02DC-8DB4-4626-9AD7-E055AB6D91A8}.Debug|Any CPU.ActiveCfg = Debug|iPhone
		{40ED02DC-8DB4-4626-9AD7-E055AB6D91A8}.Debug|ARM.ActiveCfg = Debug|iPhone
		{40ED02DC-8DB4-4626-9AD7-E055AB6D91A8}.Debug|iPhone.ActiveCfg = Debug|iPhone
		{40ED02DC-8DB4-4626-9AD7-E055AB6D91A8}.Debug|iPhone.Build.0 = Debug|iPhone
		{40ED02DC-8DB4-4626-9AD7-E055AB6D91A8}.Debug|iPhoneSimulator.ActiveCfg = Debug|iPhoneSimulator
		{40ED02DC-8DB4-4626-9AD7-E055AB6D91A8}.Debug|iPhoneSimulator.Build.0 = Debug|iPhoneSimulator
		{40ED02DC-8DB4-4626-9AD7-E055AB6D91A8}.Debug|x64.ActiveCfg = Debug|iPhone
		{40ED02DC-8DB4-4626-9AD7-E055AB6D91A8}.Debug|x86.ActiveCfg = Debug|iPhone
		{40ED02DC-8DB4-4626-9AD7-E055AB6D91A8}.Release|Any CPU.ActiveCfg = Release|iPhone
		{40ED02DC-8DB4-4626-9AD7-E055AB6D91A8}.Release|ARM.ActiveCfg = Release|iPhone
		{40ED02DC-8DB4-4626-9AD7-E055AB6D91A8}.Release|iPhone.ActiveCfg = Release|iPhone
		{40ED02DC-8DB4-4626-9AD7-E055AB6D91A8}.Release|iPhone.Build.0 = Release|iPhone
		{40ED02DC-8DB4-4626-9AD7-E055AB6D91A8}.Release|iPhoneSimulator.ActiveCfg = Release|iPhoneSimulator
		{40ED02DC-8DB4-4626-9AD7-E055AB6D91A8}.Release|iPhoneSimulator.Build.0 = Release|iPhoneSimulator
		{40ED02DC-8DB4-4626-9AD7-E055AB6D91A8}.Release|x64.ActiveCfg = Release|iPhone
		{40ED02DC-8DB4-4626-9AD7-E055AB6D91A8}.Release|x86.ActiveCfg = Release|iPhone
		{C4913F75-1D2C-4F82-BD51-9ABB15094B49}.Ad-Hoc|Any CPU.ActiveCfg = Release|x86
		{C4913F75-1D2C-4F82-BD51-9ABB15094B49}.Ad-Hoc|Any CPU.Build.0 = Release|x86
		{C4913F75-1D2C-4F82-BD51-9ABB15094B49}.Ad-Hoc|Any CPU.Deploy.0 = Release|x86
		{C4913F75-1D2C-4F82-BD51-9ABB15094B49}.Ad-Hoc|ARM.ActiveCfg = Release|ARM
		{C4913F75-1D2C-4F82-BD51-9ABB15094B49}.Ad-Hoc|ARM.Build.0 = Release|ARM
		{C4913F75-1D2C-4F82-BD51-9ABB15094B49}.Ad-Hoc|ARM.Deploy.0 = Release|ARM
		{C4913F75-1D2C-4F82-BD51-9ABB15094B49}.Ad-Hoc|iPhone.ActiveCfg = Release|x86
		{C4913F75-1D2C-4F82-BD51-9ABB15094B49}.Ad-Hoc|iPhone.Build.0 = Release|x86
		{C4913F75-1D2C-4F82-BD51-9ABB15094B49}.Ad-Hoc|iPhone.Deploy.0 = Release|x86
		{C4913F75-1D2C-4F82-BD51-9ABB15094B49}.Ad-Hoc|iPhoneSimulator.ActiveCfg = Release|x86
		{C4913F75-1D2C-4F82-BD51-9ABB15094B49}.Ad-Hoc|iPhoneSimulator.Build.0 = Release|x86
		{C4913F75-1D2C-4F82-BD51-9ABB15094B49}.Ad-Hoc|iPhoneSimulator.Deploy.0 = Release|x86
		{C4913F75-1D2C-4F82-BD51-9ABB15094B49}.Ad-Hoc|x64.ActiveCfg = Release|x64
		{C4913F75-1D2C-4F82-BD51-9ABB15094B49}.Ad-Hoc|x64.Build.0 = Release|x64
		{C4913F75-1D2C-4F82-BD51-9ABB15094B49}.Ad-Hoc|x64.Deploy.0 = Release|x64
		{C4913F75-1D2C-4F82-BD51-9ABB15094B49}.Ad-Hoc|x86.ActiveCfg = Release|x86
		{C4913F75-1D2C-4F82-BD51-9ABB15094B49}.Ad-Hoc|x86.Build.0 = Release|x86
		{C4913F75-1D2C-4F82-BD51-9ABB15094B49}.Ad-Hoc|x86.Deploy.0 = Release|x86
		{C4913F75-1D2C-4F82-BD51-9ABB15094B49}.AppStore|Any CPU.ActiveCfg = Release|x86
		{C4913F75-1D2C-4F82-BD51-9ABB15094B49}.AppStore|Any CPU.Build.0 = Release|x86
		{C4913F75-1D2C-4F82-BD51-9ABB15094B49}.AppStore|Any CPU.Deploy.0 = Release|x86
		{C4913F75-1D2C-4F82-BD51-9ABB15094B49}.AppStore|ARM.ActiveCfg = Release|ARM
		{C4913F75-1D2C-4F82-BD51-9ABB15094B49}.AppStore|ARM.Build.0 = Release|ARM
		{C4913F75-1D2C-4F82-BD51-9ABB15094B49}.AppStore|ARM.Deploy.0 = Release|ARM
		{C4913F75-1D2C-4F82-BD51-9ABB15094B49}.AppStore|iPhone.ActiveCfg = Release|x86
		{C4913F75-1D2C-4F82-BD51-9ABB15094B49}.AppStore|iPhone.Build.0 = Release|x86
		{C4913F75-1D2C-4F82-BD51-9ABB15094B49}.AppStore|iPhone.Deploy.0 = Release|x86
		{C4913F75-1D2C-4F82-BD51-9ABB15094B49}.AppStore|iPhoneSimulator.ActiveCfg = Release|x86
		{C4913F75-1D2C-4F82-BD51-9ABB15094B49}.AppStore|iPhoneSimulator.Build.0 = Release|x86
		{C4913F75-1D2C-4F82-BD51-9ABB15094B49}.AppStore|iPhoneSimulator.Deploy.0 = Release|x86
		{C4913F75-1D2C-4F82-BD51-9ABB15094B49}.AppStore|x64.ActiveCfg = Release|x64
		{C4913F75-1D2C-4F82-BD51-9ABB15094B49}.AppStore|x64.Build.0 = Release|x64
		{C4913F75-1D2C-4F82-BD51-9ABB15094B49}.AppStore|x64.Deploy.0 = Release|x64
		{C4913F75-1D2C-4F82-BD51-9ABB15094B49}.AppStore|x86.ActiveCfg = Release|x86
		{C4913F75-1D2C-4F82-BD51-9ABB15094B49}.AppStore|x86.Build.0 = Release|x86
		{C4913F75-1D2C-4F82-BD51-9ABB15094B49}.AppStore|x86.Deploy.0 = Release|x86
		{C4913F75-1D2C-4F82-BD51-9ABB15094B49}.Debug|Any CPU.ActiveCfg = Debug|x86
		{C4913F75-1D2C-4F82-BD51-9ABB15094B49}.Debug|ARM.ActiveCfg = Debug|ARM
		{C4913F75-1D2C-4F82-BD51-9ABB15094B49}.Debug|ARM.Build.0 = Debug|ARM
		{C4913F75-1D2C-4F82-BD51-9ABB15094B49}.Debug|ARM.Deploy.0 = Debug|ARM
		{C4913F75-1D2C-4F82-BD51-9ABB15094B49}.Debug|iPhone.ActiveCfg = Debug|x86
		{C4913F75-1D2C-4F82-BD51-9ABB15094B49}.Debug|iPhoneSimulator.ActiveCfg = Debug|x86
		{C4913F75-1D2C-4F82-BD51-9ABB15094B49}.Debug|x64.ActiveCfg = Debug|x64
		{C4913F75-1D2C-4F82-BD51-9ABB15094B49}.Debug|x64.Build.0 = Debug|x64
		{C4913F75-1D2C-4F82-BD51-9ABB15094B49}.Debug|x64.Deploy.0 = Debug|x64
		{C4913F75-1D2C-4F82-BD51-9ABB15094B49}.Debug|x86.ActiveCfg = Debug|x86
		{C4913F75-1D2C-4F82-BD51-9ABB15094B49}.Debug|x86.Build.0 = Debug|x86
		{C4913F75-1D2C-4F82-BD51-9ABB15094B49}.Debug|x86.Deploy.0 = Debug|x86
		{C4913F75-1D2C-4F82-BD51-9ABB15094B49}.Release|Any CPU.ActiveCfg = Release|x86
		{C4913F75-1D2C-4F82-BD51-9ABB15094B49}.Release|ARM.ActiveCfg = Release|ARM
		{C4913F75-1D2C-4F82-BD51-9ABB15094B49}.Release|ARM.Build.0 = Release|ARM
		{C4913F75-1D2C-4F82-BD51-9ABB15094B49}.Release|ARM.Deploy.0 = Release|ARM
		{C4913F75-1D2C-4F82-BD51-9ABB15094B49}.Release|iPhone.ActiveCfg = Release|x86
		{C4913F75-1D2C-4F82-BD51-9ABB15094B49}.Release|iPhoneSimulator.ActiveCfg = Release|x86
		{C4913F75-1D2C-4F82-BD51-9ABB15094B49}.Release|x64.ActiveCfg = Release|x64
		{C4913F75-1D2C-4F82-BD51-9ABB15094B49}.Release|x64.Build.0 = Release|x64
		{C4913F75-1D2C-4F82-BD51-9ABB15094B49}.Release|x64.Deploy.0 = Release|x64
		{C4913F75-1D2C-4F82-BD51-9ABB15094B49}.Release|x86.ActiveCfg = Release|x86
		{C4913F75-1D2C-4F82-BD51-9ABB15094B49}.Release|x86.Build.0 = Release|x86
		{C4913F75-1D2C-4F82-BD51-9ABB15094B49}.Release|x86.Deploy.0 = Release|x86
		{A326F968-44E2-45E4-8590-B7BD07BCBC13}.Ad-Hoc|Any CPU.ActiveCfg = Debug|Any CPU
		{A326F968-44E2-45E4-8590-B7BD07BCBC13}.Ad-Hoc|Any CPU.Build.0 = Debug|Any CPU
		{A326F968-44E2-45E4-8590-B7BD07BCBC13}.Ad-Hoc|ARM.ActiveCfg = Debug|Any CPU
		{A326F968-44E2-45E4-8590-B7BD07BCBC13}.Ad-Hoc|ARM.Build.0 = Debug|Any CPU
		{A326F968-44E2-45E4-8590-B7BD07BCBC13}.Ad-Hoc|iPhone.ActiveCfg = Debug|Any CPU
		{A326F968-44E2-45E4-8590-B7BD07BCBC13}.Ad-Hoc|iPhone.Build.0 = Debug|Any CPU
		{A326F968-44E2-45E4-8590-B7BD07BCBC13}.Ad-Hoc|iPhoneSimulator.ActiveCfg = Debug|Any CPU
		{A326F968-44E2-45E4-8590-B7BD07BCBC13}.Ad-Hoc|iPhoneSimulator.Build.0 = Debug|Any CPU
		{A326F968-44E2-45E4-8590-B7BD07BCBC13}.Ad-Hoc|x64.ActiveCfg = Debug|Any CPU
		{A326F968-44E2-45E4-8590-B7BD07BCBC13}.Ad-Hoc|x64.Build.0 = Debug|Any CPU
		{A326F968-44E2-45E4-8590-B7BD07BCBC13}.Ad-Hoc|x86.ActiveCfg = Debug|Any CPU
		{A326F968-44E2-45E4-8590-B7BD07BCBC13}.Ad-Hoc|x86.Build.0 = Debug|Any CPU
		{A326F968-44E2-45E4-8590-B7BD07BCBC13}.AppStore|Any CPU.ActiveCfg = Debug|Any CPU
		{A326F968-44E2-45E4-8590-B7BD07BCBC13}.AppStore|Any CPU.Build.0 = Debug|Any CPU
		{A326F968-44E2-45E4-8590-B7BD07BCBC13}.AppStore|ARM.ActiveCfg = Debug|Any CPU
		{A326F968-44E2-45E4-8590-B7BD07BCBC13}.AppStore|ARM.Build.0 = Debug|Any CPU
		{A326F968-44E2-45E4-8590-B7BD07BCBC13}.AppStore|iPhone.ActiveCfg = Debug|Any CPU
		{A326F968-44E2-45E4-8590-B7BD07BCBC13}.AppStore|iPhone.Build.0 = Debug|Any CPU
		{A326F968-44E2-45E4-8590-B7BD07BCBC13}.AppStore|iPhoneSimulator.ActiveCfg = Debug|Any CPU
		{A326F968-44E2-45E4-8590-B7BD07BCBC13}.AppStore|iPhoneSimulator.Build.0 = Debug|Any CPU
		{A326F968-44E2-45E4-8590-B7BD07BCBC13}.AppStore|x64.ActiveCfg = Debug|Any CPU
		{A326F968-44E2-45E4-8590-B7BD07BCBC13}.AppStore|x64.Build.0 = Debug|Any CPU
		{A326F968-44E2-45E4-8590-B7BD07BCBC13}.AppStore|x86.ActiveCfg = Debug|Any CPU
		{A326F968-44E2-45E4-8590-B7BD07BCBC13}.AppStore|x86.Build.0 = Debug|Any CPU
		{A326F968-44E2-45E4-8590-B7BD07BCBC13}.Debug|Any CPU.ActiveCfg = Debug|Any CPU
		{A326F968-44E2-45E4-8590-B7BD07BCBC13}.Debug|Any CPU.Build.0 = Debug|Any CPU
		{A326F968-44E2-45E4-8590-B7BD07BCBC13}.Debug|ARM.ActiveCfg = Debug|Any CPU
		{A326F968-44E2-45E4-8590-B7BD07BCBC13}.Debug|ARM.Build.0 = Debug|Any CPU
		{A326F968-44E2-45E4-8590-B7BD07BCBC13}.Debug|iPhone.ActiveCfg = Debug|Any CPU
		{A326F968-44E2-45E4-8590-B7BD07BCBC13}.Debug|iPhone.Build.0 = Debug|Any CPU
		{A326F968-44E2-45E4-8590-B7BD07BCBC13}.Debug|iPhoneSimulator.ActiveCfg = Debug|Any CPU
		{A326F968-44E2-45E4-8590-B7BD07BCBC13}.Debug|iPhoneSimulator.Build.0 = Debug|Any CPU
		{A326F968-44E2-45E4-8590-B7BD07BCBC13}.Debug|x64.ActiveCfg = Debug|Any CPU
		{A326F968-44E2-45E4-8590-B7BD07BCBC13}.Debug|x64.Build.0 = Debug|Any CPU
		{A326F968-44E2-45E4-8590-B7BD07BCBC13}.Debug|x86.ActiveCfg = Debug|Any CPU
		{A326F968-44E2-45E4-8590-B7BD07BCBC13}.Debug|x86.Build.0 = Debug|Any CPU
		{A326F968-44E2-45E4-8590-B7BD07BCBC13}.Release|Any CPU.ActiveCfg = Release|Any CPU
		{A326F968-44E2-45E4-8590-B7BD07BCBC13}.Release|Any CPU.Build.0 = Release|Any CPU
		{A326F968-44E2-45E4-8590-B7BD07BCBC13}.Release|ARM.ActiveCfg = Release|Any CPU
		{A326F968-44E2-45E4-8590-B7BD07BCBC13}.Release|ARM.Build.0 = Release|Any CPU
		{A326F968-44E2-45E4-8590-B7BD07BCBC13}.Release|iPhone.ActiveCfg = Release|Any CPU
		{A326F968-44E2-45E4-8590-B7BD07BCBC13}.Release|iPhone.Build.0 = Release|Any CPU
		{A326F968-44E2-45E4-8590-B7BD07BCBC13}.Release|iPhoneSimulator.ActiveCfg = Release|Any CPU
		{A326F968-44E2-45E4-8590-B7BD07BCBC13}.Release|iPhoneSimulator.Build.0 = Release|Any CPU
		{A326F968-44E2-45E4-8590-B7BD07BCBC13}.Release|x64.ActiveCfg = Release|Any CPU
		{A326F968-44E2-45E4-8590-B7BD07BCBC13}.Release|x64.Build.0 = Release|Any CPU
		{A326F968-44E2-45E4-8590-B7BD07BCBC13}.Release|x86.ActiveCfg = Release|Any CPU
		{A326F968-44E2-45E4-8590-B7BD07BCBC13}.Release|x86.Build.0 = Release|Any CPU
	EndGlobalSection
	GlobalSection(SolutionProperties) = preSolution
		HideSolutionNode = FALSE
	EndGlobalSection
	GlobalSection(ExtensibilityGlobals) = postSolution
		SolutionGuid = {2B3019AF-4C1B-4641-AC09-BE4AB650BB9F}
	EndGlobalSection
EndGlobal
